
Microsoft Visual Studio Solution File, Format Version 12.00
# Visual Studio Version 16
VisualStudioVersion = 16.0.31624.102
MinimumVisualStudioVersion = 10.0.40219.1
Project("{9A19103F-16F7-4668-BE54-9A1E7A4F7556}") = "lab-1", "lab-1\lab-1.csproj", "{C84C083E-DBF7-4913-AC71-08090E2E009B}"
EndProject
Project("{9A19103F-16F7-4668-BE54-9A1E7A4F7556}") = "lab3", "lab3\lab3.csproj", "{7AF0390F-C3D3-4259-8098-B458AC9116CF}"
EndProject
Project("{9A19103F-16F7-4668-BE54-9A1E7A4F7556}") = "lab4", "lab4\lab4.csproj", "{FD3FCEA5-A189-4EC7-9E94-7554B2FBB819}"
EndProject
Project("{9A19103F-16F7-4668-BE54-9A1E7A4F7556}") = "lab5", "lab5\lab5.csproj", "{F1C9E80F-2E28-485F-8EE4-E95CF34D3F3E}"
EndProject
Project("{FAE04EC0-301F-11D3-BF4B-00C04F79EFBC}") = "lab6", "lab6\lab6.csproj", "{4E3F6D91-370A-4D79-91B1-D981850B6EAA}"
EndProject
Global
	GlobalSection(SolutionConfigurationPlatforms) = preSolution
		Debug|Any CPU = Debug|Any CPU
		Release|Any CPU = Release|Any CPU
	EndGlobalSection
	GlobalSection(ProjectConfigurationPlatforms) = postSolution
		{C84C083E-DBF7-4913-AC71-08090E2E009B}.Debug|Any CPU.ActiveCfg = Debug|Any CPU
		{C84C083E-DBF7-4913-AC71-08090E2E009B}.Debug|Any CPU.Build.0 = Debug|Any CPU
		{C84C083E-DBF7-4913-AC71-08090E2E009B}.Release|Any CPU.ActiveCfg = Release|Any CPU
		{C84C083E-DBF7-4913-AC71-08090E2E009B}.Release|Any CPU.Build.0 = Release|Any CPU
		{7AF0390F-C3D3-4259-8098-B458AC9116CF}.Debug|Any CPU.ActiveCfg = Debug|Any CPU
		{7AF0390F-C3D3-4259-8098-B458AC9116CF}.Debug|Any CPU.Build.0 = Debug|Any CPU
		{7AF0390F-C3D3-4259-8098-B458AC9116CF}.Release|Any CPU.ActiveCfg = Release|Any CPU
		{7AF0390F-C3D3-4259-8098-B458AC9116CF}.Release|Any CPU.Build.0 = Release|Any CPU
		{FD3FCEA5-A189-4EC7-9E94-7554B2FBB819}.Debug|Any CPU.ActiveCfg = Debug|Any CPU
		{FD3FCEA5-A189-4EC7-9E94-7554B2FBB819}.Debug|Any CPU.Build.0 = Debug|Any CPU
		{FD3FCEA5-A189-4EC7-9E94-7554B2FBB819}.Release|Any CPU.ActiveCfg = Release|Any CPU
		{FD3FCEA5-A189-4EC7-9E94-7554B2FBB819}.Release|Any CPU.Build.0 = Release|Any CPU
		{F1C9E80F-2E28-485F-8EE4-E95CF34D3F3E}.Debug|Any CPU.ActiveCfg = Debug|Any CPU
		{F1C9E80F-2E28-485F-8EE4-E95CF34D3F3E}.Debug|Any CPU.Build.0 = Debug|Any CPU
		{F1C9E80F-2E28-485F-8EE4-E95CF34D3F3E}.Release|Any CPU.ActiveCfg = Release|Any CPU
		{F1C9E80F-2E28-485F-8EE4-E95CF34D3F3E}.Release|Any CPU.Build.0 = Release|Any CPU
		{4E3F6D91-370A-4D79-91B1-D981850B6EAA}.Debug|Any CPU.ActiveCfg = Debug|Any CPU
		{4E3F6D91-370A-4D79-91B1-D981850B6EAA}.Debug|Any CPU.Build.0 = Debug|Any CPU
		{4E3F6D91-370A-4D79-91B1-D981850B6EAA}.Release|Any CPU.ActiveCfg = Release|Any CPU
		{4E3F6D91-370A-4D79-91B1-D981850B6EAA}.Release|Any CPU.Build.0 = Release|Any CPU
	EndGlobalSection
	GlobalSection(SolutionProperties) = preSolution
		HideSolutionNode = FALSE
	EndGlobalSection
	GlobalSection(ExtensibilityGlobals) = postSolution
		SolutionGuid = {76B45623-ED6B-44F7-B2C0-95145851E9C6}
	EndGlobalSection
EndGlobal
